<?xml version="1.0" encoding="utf-8"?>
<Project ToolsVersion="4.0" xmlns="http://schemas.microsoft.com/developer/msbuild/2003">
  <ItemGroup>
    <Filter Include="소스 파일">
      <UniqueIdentifier>{4FC737F1-C7A5-4376-A066-2A32D752A2FF}</UniqueIdentifier>
      <Extensions>cpp;c;cc;cxx;c++;cppm;ixx;def;odl;idl;hpj;bat;asm;asmx</Extensions>
    </Filter>
    <Filter Include="헤더 파일">
      <UniqueIdentifier>{93995380-89BD-4b04-88EB-625FBE52EBFB}</UniqueIdentifier>
      <Extensions>h;hh;hpp;hxx;h++;hm;inl;inc;ipp;xsd</Extensions>
    </Filter>
    <Filter Include="리소스 파일">
      <UniqueIdentifier>{67DA6AB6-F800-4c08-8B7A-83BB121AAD01}</UniqueIdentifier>
      <Extensions>rc;ico;cur;bmp;dlg;rc2;rct;bin;rgs;gif;jpg;jpeg;jpe;resx;tiff;tif;png;wav;mfcribbon-ms</Extensions>
    </Filter>
    <Filter Include="헤더 파일\Shaders">
      <UniqueIdentifier>{6f840a2d-5734-4c46-8ec3-a8efd2dd4535}</UniqueIdentifier>
    </Filter>
    <Filter Include="소스 파일\Cube">
      <UniqueIdentifier>{bb8fbca2-1671-4e17-95c4-47e5c5487fe5}</UniqueIdentifier>
    </Filter>
    <Filter Include="헤더 파일\Cube">
      <UniqueIdentifier>{2a145b99-96a1-44f7-99ae-0292bb166b1f}</UniqueIdentifier>
    </Filter>
  </ItemGroup>
  <ItemGroup>
    <ClCompile Include="Main.cpp">
      <Filter>소스 파일</Filter>
    </ClCompile>
    <ClCompile Include="Cube\BaseCube.cpp">
      <Filter>소스 파일\Cube</Filter>
    </ClCompile>
  </ItemGroup>
  <ItemGroup>
    <FxCompile Include="Shaders\PS.hlsl">
      <Filter>헤더 파일\Shaders</Filter>
    </FxCompile>
    <FxCompile Include="Shaders\VS.hlsl">
      <Filter>헤더 파일\Shaders</Filter>
    </FxCompile>
  </ItemGroup>
  <ItemGroup>
    <None Include="Shaders\Shaders.fxh">
      <Filter>헤더 파일\Shaders</Filter>
    </None>
  </ItemGroup>
  <ItemGroup>
    <ClInclude Include="Cube\BaseCube.h">
      <Filter>헤더 파일\Cube</Filter>
    </ClInclude>
    <ClInclude Include="Cube\MyCube.h">
      <Filter>헤더 파일\Cube</Filter>
    </ClInclude>
    <ClInclude Include="ChildCube.h">
      <Filter>헤더 파일\Cube</Filter>
    </ClInclude>
  </ItemGroup>
</Project>