<?xml version="1.0" encoding="utf-8"?>
<Project ToolsVersion="4.0" xmlns="http://schemas.microsoft.com/developer/msbuild/2003">
  <ItemGroup>
    <Filter Include="소스 파일">
      <UniqueIdentifier>{4FC737F1-C7A5-4376-A066-2A32D752A2FF}</UniqueIdentifier>
      <Extensions>cpp;c;cc;cxx;c++;cppm;ixx;def;odl;idl;hpj;bat;asm;asmx</Extensions>
    </Filter>
    <Filter Include="헤더 파일">
      <UniqueIdentifier>{93995380-89BD-4b04-88EB-625FBE52EBFB}</UniqueIdentifier>
      <Extensions>h;hh;hpp;hxx;h++;hm;inl;inc;ipp;xsd</Extensions>
    </Filter>
    <Filter Include="리소스 파일">
      <UniqueIdentifier>{67DA6AB6-F800-4c08-8B7A-83BB121AAD01}</UniqueIdentifier>
      <Extensions>rc;ico;cur;bmp;dlg;rc2;rct;bin;rgs;gif;jpg;jpeg;jpe;resx;tiff;tif;png;wav;mfcribbon-ms</Extensions>
    </Filter>
    <Filter Include="소스 파일\Light">
      <UniqueIdentifier>{e7f4366f-de42-44ea-8523-e425b251238a}</UniqueIdentifier>
    </Filter>
    <Filter Include="헤더 파일\Light">
      <UniqueIdentifier>{3984561f-1b48-4bfa-9ea1-9917548c2f89}</UniqueIdentifier>
    </Filter>
    <Filter Include="헤더 파일\Cube">
      <UniqueIdentifier>{a05fc76c-20d6-478e-98b7-1e5286c8a681}</UniqueIdentifier>
    </Filter>
  </ItemGroup>
  <ItemGroup>
    <ClCompile Include="Cube\BaseCube.cpp">
      <Filter>소스 파일</Filter>
    </ClCompile>
    <ClCompile Include="Cube\Cube.cpp">
      <Filter>소스 파일</Filter>
    </ClCompile>
    <ClCompile Include="Light\RotatingPointLight.cpp">
      <Filter>소스 파일\Light</Filter>
    </ClCompile>
    <ClCompile Include="Cube\RotatingCube.cpp">
      <Filter>소스 파일</Filter>
    </ClCompile>
    <ClCompile Include="Main.cpp">
      <Filter>소스 파일</Filter>
    </ClCompile>
  </ItemGroup>
  <ItemGroup>
    <ClInclude Include="Light\RotatingPointLight.h">
      <Filter>헤더 파일\Light</Filter>
    </ClInclude>
    <ClInclude Include="Cube\BaseCube.h">
      <Filter>헤더 파일\Cube</Filter>
    </ClInclude>
    <ClInclude Include="ChildCube.h">
      <Filter>헤더 파일\Cube</Filter>
    </ClInclude>
    <ClInclude Include="Cube\Cube.h">
      <Filter>헤더 파일\Cube</Filter>
    </ClInclude>
    <ClInclude Include="Cube\MyCube.h">
      <Filter>헤더 파일\Cube</Filter>
    </ClInclude>
    <ClInclude Include="Cube\RotatingCube.h">
      <Filter>헤더 파일\Cube</Filter>
    </ClInclude>
    <ClInclude Include="StrangeCube.h">
      <Filter>헤더 파일\Cube</Filter>
    </ClInclude>
  </ItemGroup>
  <ItemGroup>
    <FxCompile Include="Shaders\PS.hlsl" />
    <FxCompile Include="Shaders\VS.hlsl" />
    <FxCompile Include="Shaders\CubeMap_PS.hlsl" />
    <FxCompile Include="Shaders\CubeMap_VS.hlsl" />
  </ItemGroup>
  <ItemGroup>
    <None Include="Shaders\Shaders.fxh" />
    <None Include="Shaders\PhongShaders.fxh" />
    <None Include="Shaders\VoxelShaders.fxh" />
    <None Include="Shaders\SkinningShaders.fxh" />
    <None Include="Shaders\ShadowShaders.fxh" />
    <None Include="Shaders\CubeMap.fxh" />
  </ItemGroup>
</Project>